
Microsoft Visual Studio Solution File, Format Version 12.00
# Visual Studio 14
VisualStudioVersion = 14.0.25420.1
MinimumVisualStudioVersion = 10.0.40219.1
Project("{8BC9CEB8-8B4A-11D0-8D11-00A0C91BC942}") = "zXero", "zxero\zXero.vcxproj", "{0172B561-FCF1-4398-A1DB-B66275992167}"
EndProject
Project("{8BC9CEB8-8B4A-11D0-8D11-00A0C91BC942}") = "libprotobuf", "3rd\protobuf-2.5.0\vsprojects\libprotobuf.vcxproj", "{3E283F37-A4ED-41B7-A3E6-A2D89D131A30}"
EndProject
Project("{8BC9CEB8-8B4A-11D0-8D11-00A0C91BC942}") = "GameServer", "GameServer\GameServer.vcxproj", "{D63EFCB5-014D-4724-BC14-0F4BA0A4BF46}"
	ProjectSection(ProjectDependencies) = postProject
		{B254E140-FD0B-461C-9D16-757037C27580} = {B254E140-FD0B-461C-9D16-757037C27580}
	EndProjectSection
EndProject
Project("{8BC9CEB8-8B4A-11D0-8D11-00A0C91BC942}") = "GameCommon", "GameCommon\GameCommon.vcxproj", "{D9351E13-858A-4819-8CD7-4E1CB1F16BC8}"
EndProject
Project("{8BC9CEB8-8B4A-11D0-8D11-00A0C91BC942}") = "AccountServer", "AccountServer\AccountServer.vcxproj", "{E361DC18-A63B-44E8-8DE1-47A442C55B42}"
EndProject
Project("{8BC9CEB8-8B4A-11D0-8D11-00A0C91BC942}") = "ShareMemProc", "ShareMemProc\ShareMemProc.vcxproj", "{A444D69A-23A3-4F08-8321-C904C76CA41C}"
EndProject
Project("{8BC9CEB8-8B4A-11D0-8D11-00A0C91BC942}") = "lua-5.3.3", "3rd\lua-5.3.3\lua-5.3.3.vcxproj", "{B254E140-FD0B-461C-9D16-757037C27580}"
EndProject
Project("{8BC9CEB8-8B4A-11D0-8D11-00A0C91BC942}") = "libprotoc", "3rd\protobuf-2.5.0\vsprojects\libprotoc.vcxproj", "{B84FF31A-5F9A-46F8-AB22-DBFC9BECE3BE}"
EndProject
Project("{8BC9CEB8-8B4A-11D0-8D11-00A0C91BC942}") = "protobuf2fflua", "protobuf2fflua\protobuf2fflua.vcxproj", "{8B1025EE-CA20-474F-AE31-B107E1681040}"
	ProjectSection(ProjectDependencies) = postProject
		{B84FF31A-5F9A-46F8-AB22-DBFC9BECE3BE} = {B84FF31A-5F9A-46F8-AB22-DBFC9BECE3BE}
		{3E283F37-A4ED-41B7-A3E6-A2D89D131A30} = {3E283F37-A4ED-41B7-A3E6-A2D89D131A30}
	EndProjectSection
EndProject
Project("{8BC9CEB8-8B4A-11D0-8D11-00A0C91BC942}") = "test", "test\test.vcxproj", "{AF892B01-5FBD-475A-B1C9-7F210EC570E3}"
	ProjectSection(ProjectDependencies) = postProject
		{745DEC58-EBB3-47A9-A9B8-4C6627C01BF8} = {745DEC58-EBB3-47A9-A9B8-4C6627C01BF8}
	EndProjectSection
EndProject
Project("{8BC9CEB8-8B4A-11D0-8D11-00A0C91BC942}") = "protoc", "3rd\protobuf-2.5.0\vsprojects\protoc.vcxproj", "{1738D5F6-ED1E-47E0-B2F0-456864B93C1E}"
EndProject
Project("{8BC9CEB8-8B4A-11D0-8D11-00A0C91BC942}") = "LuaTest", "LuaTest\LuaTest.vcxproj", "{D01DE2C1-DD6E-4095-A700-CC81B6209BE7}"
	ProjectSection(ProjectDependencies) = postProject
		{B254E140-FD0B-461C-9D16-757037C27580} = {B254E140-FD0B-461C-9D16-757037C27580}
		{0172B561-FCF1-4398-A1DB-B66275992167} = {0172B561-FCF1-4398-A1DB-B66275992167}
	EndProjectSection
EndProject
Project("{8BC9CEB8-8B4A-11D0-8D11-00A0C91BC942}") = "zlibstat", "3rd\zlib-1.2.11\contrib\vstudio\vc14\zlibstat.vcxproj", "{745DEC58-EBB3-47A9-A9B8-4C6627C01BF8}"
EndProject
Project("{8BC9CEB8-8B4A-11D0-8D11-00A0C91BC942}") = "LogServer", "LogServer\LogServer.vcxproj", "{03EFD1A9-19C0-4F75-9E9F-938A7D818DDB}"
EndProject
Global
	GlobalSection(SolutionConfigurationPlatforms) = preSolution
		Debug|Itanium = Debug|Itanium
		Debug|Win32 = Debug|Win32
		Debug|x64 = Debug|x64
		Release|Itanium = Release|Itanium
		Release|Win32 = Release|Win32
		Release|x64 = Release|x64
		ReleaseWithoutAsm|Itanium = ReleaseWithoutAsm|Itanium
		ReleaseWithoutAsm|Win32 = ReleaseWithoutAsm|Win32
		ReleaseWithoutAsm|x64 = ReleaseWithoutAsm|x64
	EndGlobalSection
	GlobalSection(ProjectConfigurationPlatforms) = postSolution
		{0172B561-FCF1-4398-A1DB-B66275992167}.Debug|Itanium.ActiveCfg = Debug|Win32
		{0172B561-FCF1-4398-A1DB-B66275992167}.Debug|Win32.ActiveCfg = Debug|Win32
		{0172B561-FCF1-4398-A1DB-B66275992167}.Debug|Win32.Build.0 = Debug|Win32
		{0172B561-FCF1-4398-A1DB-B66275992167}.Debug|x64.ActiveCfg = Debug|x64
		{0172B561-FCF1-4398-A1DB-B66275992167}.Debug|x64.Build.0 = Debug|x64
		{0172B561-FCF1-4398-A1DB-B66275992167}.Release|Itanium.ActiveCfg = Release|Win32
		{0172B561-FCF1-4398-A1DB-B66275992167}.Release|Win32.ActiveCfg = Release|Win32
		{0172B561-FCF1-4398-A1DB-B66275992167}.Release|Win32.Build.0 = Release|Win32
		{0172B561-FCF1-4398-A1DB-B66275992167}.Release|x64.ActiveCfg = Release|Win32
		{0172B561-FCF1-4398-A1DB-B66275992167}.ReleaseWithoutAsm|Itanium.ActiveCfg = Release|x64
		{0172B561-FCF1-4398-A1DB-B66275992167}.ReleaseWithoutAsm|Itanium.Build.0 = Release|x64
		{0172B561-FCF1-4398-A1DB-B66275992167}.ReleaseWithoutAsm|Win32.ActiveCfg = Release|Win32
		{0172B561-FCF1-4398-A1DB-B66275992167}.ReleaseWithoutAsm|Win32.Build.0 = Release|Win32
		{0172B561-FCF1-4398-A1DB-B66275992167}.ReleaseWithoutAsm|x64.ActiveCfg = Release|x64
		{0172B561-FCF1-4398-A1DB-B66275992167}.ReleaseWithoutAsm|x64.Build.0 = Release|x64
		{3E283F37-A4ED-41B7-A3E6-A2D89D131A30}.Debug|Itanium.ActiveCfg = Debug|Win32
		{3E283F37-A4ED-41B7-A3E6-A2D89D131A30}.Debug|Win32.ActiveCfg = Debug|Win32
		{3E283F37-A4ED-41B7-A3E6-A2D89D131A30}.Debug|Win32.Build.0 = Debug|Win32
		{3E283F37-A4ED-41B7-A3E6-A2D89D131A30}.Debug|x64.ActiveCfg = Debug|x64
		{3E283F37-A4ED-41B7-A3E6-A2D89D131A30}.Debug|x64.Build.0 = Debug|x64
		{3E283F37-A4ED-41B7-A3E6-A2D89D131A30}.Release|Itanium.ActiveCfg = Release|Win32
		{3E283F37-A4ED-41B7-A3E6-A2D89D131A30}.Release|Win32.ActiveCfg = Release|Win32
		{3E283F37-A4ED-41B7-A3E6-A2D89D131A30}.Release|Win32.Build.0 = Release|Win32
		{3E283F37-A4ED-41B7-A3E6-A2D89D131A30}.Release|x64.ActiveCfg = Release|Win32
		{3E283F37-A4ED-41B7-A3E6-A2D89D131A30}.ReleaseWithoutAsm|Itanium.ActiveCfg = Release|x64
		{3E283F37-A4ED-41B7-A3E6-A2D89D131A30}.ReleaseWithoutAsm|Itanium.Build.0 = Release|x64
		{3E283F37-A4ED-41B7-A3E6-A2D89D131A30}.ReleaseWithoutAsm|Win32.ActiveCfg = Release|Win32
		{3E283F37-A4ED-41B7-A3E6-A2D89D131A30}.ReleaseWithoutAsm|Win32.Build.0 = Release|Win32
		{3E283F37-A4ED-41B7-A3E6-A2D89D131A30}.ReleaseWithoutAsm|x64.ActiveCfg = Release|x64
		{3E283F37-A4ED-41B7-A3E6-A2D89D131A30}.ReleaseWithoutAsm|x64.Build.0 = Release|x64
		{D63EFCB5-014D-4724-BC14-0F4BA0A4BF46}.Debug|Itanium.ActiveCfg = Debug|Win32
		{D63EFCB5-014D-4724-BC14-0F4BA0A4BF46}.Debug|Win32.ActiveCfg = Debug|Win32
		{D63EFCB5-014D-4724-BC14-0F4BA0A4BF46}.Debug|Win32.Build.0 = Debug|Win32
		{D63EFCB5-014D-4724-BC14-0F4BA0A4BF46}.Debug|x64.ActiveCfg = Debug|x64
		{D63EFCB5-014D-4724-BC14-0F4BA0A4BF46}.Debug|x64.Build.0 = Debug|x64
		{D63EFCB5-014D-4724-BC14-0F4BA0A4BF46}.Release|Itanium.ActiveCfg = Release|Win32
		{D63EFCB5-014D-4724-BC14-0F4BA0A4BF46}.Release|Win32.ActiveCfg = Release|Win32
		{D63EFCB5-014D-4724-BC14-0F4BA0A4BF46}.Release|Win32.Build.0 = Release|Win32
		{D63EFCB5-014D-4724-BC14-0F4BA0A4BF46}.Release|x64.ActiveCfg = Release|Win32
		{D63EFCB5-014D-4724-BC14-0F4BA0A4BF46}.ReleaseWithoutAsm|Itanium.ActiveCfg = Release|x64
		{D63EFCB5-014D-4724-BC14-0F4BA0A4BF46}.ReleaseWithoutAsm|Itanium.Build.0 = Release|x64
		{D63EFCB5-014D-4724-BC14-0F4BA0A4BF46}.ReleaseWithoutAsm|Win32.ActiveCfg = Release|Win32
		{D63EFCB5-014D-4724-BC14-0F4BA0A4BF46}.ReleaseWithoutAsm|Win32.Build.0 = Release|Win32
		{D63EFCB5-014D-4724-BC14-0F4BA0A4BF46}.ReleaseWithoutAsm|x64.ActiveCfg = Release|x64
		{D63EFCB5-014D-4724-BC14-0F4BA0A4BF46}.ReleaseWithoutAsm|x64.Build.0 = Release|x64
		{D9351E13-858A-4819-8CD7-4E1CB1F16BC8}.Debug|Itanium.ActiveCfg = Debug|Win32
		{D9351E13-858A-4819-8CD7-4E1CB1F16BC8}.Debug|Win32.ActiveCfg = Debug|Win32
		{D9351E13-858A-4819-8CD7-4E1CB1F16BC8}.Debug|Win32.Build.0 = Debug|Win32
		{D9351E13-858A-4819-8CD7-4E1CB1F16BC8}.Debug|x64.ActiveCfg = Debug|x64
		{D9351E13-858A-4819-8CD7-4E1CB1F16BC8}.Debug|x64.Build.0 = Debug|x64
		{D9351E13-858A-4819-8CD7-4E1CB1F16BC8}.Release|Itanium.ActiveCfg = Release|Win32
		{D9351E13-858A-4819-8CD7-4E1CB1F16BC8}.Release|Win32.ActiveCfg = Release|Win32
		{D9351E13-858A-4819-8CD7-4E1CB1F16BC8}.Release|Win32.Build.0 = Release|Win32
		{D9351E13-858A-4819-8CD7-4E1CB1F16BC8}.Release|x64.ActiveCfg = Release|Win32
		{D9351E13-858A-4819-8CD7-4E1CB1F16BC8}.ReleaseWithoutAsm|Itanium.ActiveCfg = Release|x64
		{D9351E13-858A-4819-8CD7-4E1CB1F16BC8}.ReleaseWithoutAsm|Itanium.Build.0 = Release|x64
		{D9351E13-858A-4819-8CD7-4E1CB1F16BC8}.ReleaseWithoutAsm|Win32.ActiveCfg = Release|Win32
		{D9351E13-858A-4819-8CD7-4E1CB1F16BC8}.ReleaseWithoutAsm|Win32.Build.0 = Release|Win32
		{D9351E13-858A-4819-8CD7-4E1CB1F16BC8}.ReleaseWithoutAsm|x64.ActiveCfg = Release|x64
		{D9351E13-858A-4819-8CD7-4E1CB1F16BC8}.ReleaseWithoutAsm|x64.Build.0 = Release|x64
		{E361DC18-A63B-44E8-8DE1-47A442C55B42}.Debug|Itanium.ActiveCfg = Debug|Win32
		{E361DC18-A63B-44E8-8DE1-47A442C55B42}.Debug|Win32.ActiveCfg = Debug|Win32
		{E361DC18-A63B-44E8-8DE1-47A442C55B42}.Debug|Win32.Build.0 = Debug|Win32
		{E361DC18-A63B-44E8-8DE1-47A442C55B42}.Debug|x64.ActiveCfg = Debug|x64
		{E361DC18-A63B-44E8-8DE1-47A442C55B42}.Debug|x64.Build.0 = Debug|x64
		{E361DC18-A63B-44E8-8DE1-47A442C55B42}.Release|Itanium.ActiveCfg = Release|Win32
		{E361DC18-A63B-44E8-8DE1-47A442C55B42}.Release|Win32.ActiveCfg = Release|Win32
		{E361DC18-A63B-44E8-8DE1-47A442C55B42}.Release|Win32.Build.0 = Release|Win32
		{E361DC18-A63B-44E8-8DE1-47A442C55B42}.Release|x64.ActiveCfg = Release|Win32
		{E361DC18-A63B-44E8-8DE1-47A442C55B42}.ReleaseWithoutAsm|Itanium.ActiveCfg = Release|x64
		{E361DC18-A63B-44E8-8DE1-47A442C55B42}.ReleaseWithoutAsm|Itanium.Build.0 = Release|x64
		{E361DC18-A63B-44E8-8DE1-47A442C55B42}.ReleaseWithoutAsm|Win32.ActiveCfg = Release|Win32
		{E361DC18-A63B-44E8-8DE1-47A442C55B42}.ReleaseWithoutAsm|Win32.Build.0 = Release|Win32
		{E361DC18-A63B-44E8-8DE1-47A442C55B42}.ReleaseWithoutAsm|x64.ActiveCfg = Release|x64
		{E361DC18-A63B-44E8-8DE1-47A442C55B42}.ReleaseWithoutAsm|x64.Build.0 = Release|x64
		{A444D69A-23A3-4F08-8321-C904C76CA41C}.Debug|Itanium.ActiveCfg = Debug|Win32
		{A444D69A-23A3-4F08-8321-C904C76CA41C}.Debug|Win32.ActiveCfg = Debug|Win32
		{A444D69A-23A3-4F08-8321-C904C76CA41C}.Debug|Win32.Build.0 = Debug|Win32
		{A444D69A-23A3-4F08-8321-C904C76CA41C}.Debug|x64.ActiveCfg = Debug|x64
		{A444D69A-23A3-4F08-8321-C904C76CA41C}.Debug|x64.Build.0 = Debug|x64
		{A444D69A-23A3-4F08-8321-C904C76CA41C}.Release|Itanium.ActiveCfg = Release|Win32
		{A444D69A-23A3-4F08-8321-C904C76CA41C}.Release|Win32.ActiveCfg = Release|Win32
		{A444D69A-23A3-4F08-8321-C904C76CA41C}.Release|Win32.Build.0 = Release|Win32
		{A444D69A-23A3-4F08-8321-C904C76CA41C}.Release|x64.ActiveCfg = Release|Win32
		{A444D69A-23A3-4F08-8321-C904C76CA41C}.ReleaseWithoutAsm|Itanium.ActiveCfg = Release|x64
		{A444D69A-23A3-4F08-8321-C904C76CA41C}.ReleaseWithoutAsm|Itanium.Build.0 = Release|x64
		{A444D69A-23A3-4F08-8321-C904C76CA41C}.ReleaseWithoutAsm|Win32.ActiveCfg = Release|Win32
		{A444D69A-23A3-4F08-8321-C904C76CA41C}.ReleaseWithoutAsm|Win32.Build.0 = Release|Win32
		{A444D69A-23A3-4F08-8321-C904C76CA41C}.ReleaseWithoutAsm|x64.ActiveCfg = Release|x64
		{A444D69A-23A3-4F08-8321-C904C76CA41C}.ReleaseWithoutAsm|x64.Build.0 = Release|x64
		{B254E140-FD0B-461C-9D16-757037C27580}.Debug|Itanium.ActiveCfg = Debug|Win32
		{B254E140-FD0B-461C-9D16-757037C27580}.Debug|Win32.ActiveCfg = Debug|Win32
		{B254E140-FD0B-461C-9D16-757037C27580}.Debug|Win32.Build.0 = Debug|Win32
		{B254E140-FD0B-461C-9D16-757037C27580}.Debug|x64.ActiveCfg = Debug|x64
		{B254E140-FD0B-461C-9D16-757037C27580}.Debug|x64.Build.0 = Debug|x64
		{B254E140-FD0B-461C-9D16-757037C27580}.Release|Itanium.ActiveCfg = Release|Win32
		{B254E140-FD0B-461C-9D16-757037C27580}.Release|Win32.ActiveCfg = Release|Win32
		{B254E140-FD0B-461C-9D16-757037C27580}.Release|Win32.Build.0 = Release|Win32
		{B254E140-FD0B-461C-9D16-757037C27580}.Release|x64.ActiveCfg = Release|x64
		{B254E140-FD0B-461C-9D16-757037C27580}.Release|x64.Build.0 = Release|x64
		{B254E140-FD0B-461C-9D16-757037C27580}.ReleaseWithoutAsm|Itanium.ActiveCfg = Release|x64
		{B254E140-FD0B-461C-9D16-757037C27580}.ReleaseWithoutAsm|Itanium.Build.0 = Release|x64
		{B254E140-FD0B-461C-9D16-757037C27580}.ReleaseWithoutAsm|Win32.ActiveCfg = Release|Win32
		{B254E140-FD0B-461C-9D16-757037C27580}.ReleaseWithoutAsm|Win32.Build.0 = Release|Win32
		{B254E140-FD0B-461C-9D16-757037C27580}.ReleaseWithoutAsm|x64.ActiveCfg = Release|x64
		{B254E140-FD0B-461C-9D16-757037C27580}.ReleaseWithoutAsm|x64.Build.0 = Release|x64
		{B84FF31A-5F9A-46F8-AB22-DBFC9BECE3BE}.Debug|Itanium.ActiveCfg = Debug|Win32
		{B84FF31A-5F9A-46F8-AB22-DBFC9BECE3BE}.Debug|Win32.ActiveCfg = Debug|Win32
		{B84FF31A-5F9A-46F8-AB22-DBFC9BECE3BE}.Debug|Win32.Build.0 = Debug|Win32
		{B84FF31A-5F9A-46F8-AB22-DBFC9BECE3BE}.Debug|x64.ActiveCfg = Debug|Win32
		{B84FF31A-5F9A-46F8-AB22-DBFC9BECE3BE}.Release|Itanium.ActiveCfg = Release|Win32
		{B84FF31A-5F9A-46F8-AB22-DBFC9BECE3BE}.Release|Win32.ActiveCfg = Release|Win32
		{B84FF31A-5F9A-46F8-AB22-DBFC9BECE3BE}.Release|Win32.Build.0 = Release|Win32
		{B84FF31A-5F9A-46F8-AB22-DBFC9BECE3BE}.Release|x64.ActiveCfg = Release|Win32
		{B84FF31A-5F9A-46F8-AB22-DBFC9BECE3BE}.ReleaseWithoutAsm|Itanium.ActiveCfg = Release|Win32
		{B84FF31A-5F9A-46F8-AB22-DBFC9BECE3BE}.ReleaseWithoutAsm|Itanium.Build.0 = Release|Win32
		{B84FF31A-5F9A-46F8-AB22-DBFC9BECE3BE}.ReleaseWithoutAsm|Win32.ActiveCfg = Release|Win32
		{B84FF31A-5F9A-46F8-AB22-DBFC9BECE3BE}.ReleaseWithoutAsm|Win32.Build.0 = Release|Win32
		{B84FF31A-5F9A-46F8-AB22-DBFC9BECE3BE}.ReleaseWithoutAsm|x64.ActiveCfg = Release|Win32
		{B84FF31A-5F9A-46F8-AB22-DBFC9BECE3BE}.ReleaseWithoutAsm|x64.Build.0 = Release|Win32
		{8B1025EE-CA20-474F-AE31-B107E1681040}.Debug|Itanium.ActiveCfg = Debug|Win32
		{8B1025EE-CA20-474F-AE31-B107E1681040}.Debug|Win32.ActiveCfg = Debug|Win32
		{8B1025EE-CA20-474F-AE31-B107E1681040}.Debug|Win32.Build.0 = Debug|Win32
		{8B1025EE-CA20-474F-AE31-B107E1681040}.Debug|x64.ActiveCfg = Debug|x64
		{8B1025EE-CA20-474F-AE31-B107E1681040}.Debug|x64.Build.0 = Debug|x64
		{8B1025EE-CA20-474F-AE31-B107E1681040}.Release|Itanium.ActiveCfg = Release|Win32
		{8B1025EE-CA20-474F-AE31-B107E1681040}.Release|Win32.ActiveCfg = Release|Win32
		{8B1025EE-CA20-474F-AE31-B107E1681040}.Release|Win32.Build.0 = Release|Win32
		{8B1025EE-CA20-474F-AE31-B107E1681040}.Release|x64.ActiveCfg = Release|x64
		{8B1025EE-CA20-474F-AE31-B107E1681040}.Release|x64.Build.0 = Release|x64
		{8B1025EE-CA20-474F-AE31-B107E1681040}.ReleaseWithoutAsm|Itanium.ActiveCfg = Release|x64
		{8B1025EE-CA20-474F-AE31-B107E1681040}.ReleaseWithoutAsm|Itanium.Build.0 = Release|x64
		{8B1025EE-CA20-474F-AE31-B107E1681040}.ReleaseWithoutAsm|Win32.ActiveCfg = Release|Win32
		{8B1025EE-CA20-474F-AE31-B107E1681040}.ReleaseWithoutAsm|Win32.Build.0 = Release|Win32
		{8B1025EE-CA20-474F-AE31-B107E1681040}.ReleaseWithoutAsm|x64.ActiveCfg = Release|x64
		{8B1025EE-CA20-474F-AE31-B107E1681040}.ReleaseWithoutAsm|x64.Build.0 = Release|x64
		{AF892B01-5FBD-475A-B1C9-7F210EC570E3}.Debug|Itanium.ActiveCfg = Debug|Win32
		{AF892B01-5FBD-475A-B1C9-7F210EC570E3}.Debug|Win32.ActiveCfg = Debug|Win32
		{AF892B01-5FBD-475A-B1C9-7F210EC570E3}.Debug|Win32.Build.0 = Debug|Win32
		{AF892B01-5FBD-475A-B1C9-7F210EC570E3}.Debug|x64.ActiveCfg = Debug|x64
		{AF892B01-5FBD-475A-B1C9-7F210EC570E3}.Debug|x64.Build.0 = Debug|x64
		{AF892B01-5FBD-475A-B1C9-7F210EC570E3}.Release|Itanium.ActiveCfg = Release|Win32
		{AF892B01-5FBD-475A-B1C9-7F210EC570E3}.Release|Win32.ActiveCfg = Release|Win32
		{AF892B01-5FBD-475A-B1C9-7F210EC570E3}.Release|Win32.Build.0 = Release|Win32
		{AF892B01-5FBD-475A-B1C9-7F210EC570E3}.Release|x64.ActiveCfg = Release|x64
		{AF892B01-5FBD-475A-B1C9-7F210EC570E3}.Release|x64.Build.0 = Release|x64
		{AF892B01-5FBD-475A-B1C9-7F210EC570E3}.ReleaseWithoutAsm|Itanium.ActiveCfg = Release|x64
		{AF892B01-5FBD-475A-B1C9-7F210EC570E3}.ReleaseWithoutAsm|Itanium.Build.0 = Release|x64
		{AF892B01-5FBD-475A-B1C9-7F210EC570E3}.ReleaseWithoutAsm|Win32.ActiveCfg = Release|Win32
		{AF892B01-5FBD-475A-B1C9-7F210EC570E3}.ReleaseWithoutAsm|Win32.Build.0 = Release|Win32
		{AF892B01-5FBD-475A-B1C9-7F210EC570E3}.ReleaseWithoutAsm|x64.ActiveCfg = Release|x64
		{AF892B01-5FBD-475A-B1C9-7F210EC570E3}.ReleaseWithoutAsm|x64.Build.0 = Release|x64
		{1738D5F6-ED1E-47E0-B2F0-456864B93C1E}.Debug|Itanium.ActiveCfg = Debug|Win32
		{1738D5F6-ED1E-47E0-B2F0-456864B93C1E}.Debug|Win32.ActiveCfg = Debug|Win32
		{1738D5F6-ED1E-47E0-B2F0-456864B93C1E}.Debug|Win32.Build.0 = Debug|Win32
		{1738D5F6-ED1E-47E0-B2F0-456864B93C1E}.Debug|x64.ActiveCfg = Debug|Win32
		{1738D5F6-ED1E-47E0-B2F0-456864B93C1E}.Release|Itanium.ActiveCfg = Release|Win32
		{1738D5F6-ED1E-47E0-B2F0-456864B93C1E}.Release|Win32.ActiveCfg = Release|Win32
		{1738D5F6-ED1E-47E0-B2F0-456864B93C1E}.Release|Win32.Build.0 = Release|Win32
		{1738D5F6-ED1E-47E0-B2F0-456864B93C1E}.Release|x64.ActiveCfg = Release|Win32
		{1738D5F6-ED1E-47E0-B2F0-456864B93C1E}.ReleaseWithoutAsm|Itanium.ActiveCfg = Release|Win32
		{1738D5F6-ED1E-47E0-B2F0-456864B93C1E}.ReleaseWithoutAsm|Itanium.Build.0 = Release|Win32
		{1738D5F6-ED1E-47E0-B2F0-456864B93C1E}.ReleaseWithoutAsm|Win32.ActiveCfg = Release|Win32
		{1738D5F6-ED1E-47E0-B2F0-456864B93C1E}.ReleaseWithoutAsm|Win32.Build.0 = Release|Win32
		{1738D5F6-ED1E-47E0-B2F0-456864B93C1E}.ReleaseWithoutAsm|x64.ActiveCfg = Release|Win32
		{1738D5F6-ED1E-47E0-B2F0-456864B93C1E}.ReleaseWithoutAsm|x64.Build.0 = Release|Win32
		{D01DE2C1-DD6E-4095-A700-CC81B6209BE7}.Debug|Itanium.ActiveCfg = Debug|Win32
		{D01DE2C1-DD6E-4095-A700-CC81B6209BE7}.Debug|Win32.ActiveCfg = Debug|Win32
		{D01DE2C1-DD6E-4095-A700-CC81B6209BE7}.Debug|Win32.Build.0 = Debug|Win32
		{D01DE2C1-DD6E-4095-A700-CC81B6209BE7}.Debug|x64.ActiveCfg = Debug|x64
		{D01DE2C1-DD6E-4095-A700-CC81B6209BE7}.Debug|x64.Build.0 = Debug|x64
		{D01DE2C1-DD6E-4095-A700-CC81B6209BE7}.Release|Itanium.ActiveCfg = Release|Win32
		{D01DE2C1-DD6E-4095-A700-CC81B6209BE7}.Release|Win32.ActiveCfg = Release|Win32
		{D01DE2C1-DD6E-4095-A700-CC81B6209BE7}.Release|Win32.Build.0 = Release|Win32
		{D01DE2C1-DD6E-4095-A700-CC81B6209BE7}.Release|x64.ActiveCfg = Release|x64
		{D01DE2C1-DD6E-4095-A700-CC81B6209BE7}.Release|x64.Build.0 = Release|x64
		{D01DE2C1-DD6E-4095-A700-CC81B6209BE7}.ReleaseWithoutAsm|Itanium.ActiveCfg = Release|x64
		{D01DE2C1-DD6E-4095-A700-CC81B6209BE7}.ReleaseWithoutAsm|Itanium.Build.0 = Release|x64
		{D01DE2C1-DD6E-4095-A700-CC81B6209BE7}.ReleaseWithoutAsm|Win32.ActiveCfg = Release|Win32
		{D01DE2C1-DD6E-4095-A700-CC81B6209BE7}.ReleaseWithoutAsm|Win32.Build.0 = Release|Win32
		{D01DE2C1-DD6E-4095-A700-CC81B6209BE7}.ReleaseWithoutAsm|x64.ActiveCfg = Release|x64
		{D01DE2C1-DD6E-4095-A700-CC81B6209BE7}.ReleaseWithoutAsm|x64.Build.0 = Release|x64
		{745DEC58-EBB3-47A9-A9B8-4C6627C01BF8}.Debug|Itanium.ActiveCfg = Debug|Itanium
		{745DEC58-EBB3-47A9-A9B8-4C6627C01BF8}.Debug|Itanium.Build.0 = Debug|Itanium
		{745DEC58-EBB3-47A9-A9B8-4C6627C01BF8}.Debug|Win32.ActiveCfg = Debug|Win32
		{745DEC58-EBB3-47A9-A9B8-4C6627C01BF8}.Debug|Win32.Build.0 = Debug|Win32
		{745DEC58-EBB3-47A9-A9B8-4C6627C01BF8}.Debug|x64.ActiveCfg = Debug|x64
		{745DEC58-EBB3-47A9-A9B8-4C6627C01BF8}.Debug|x64.Build.0 = Debug|x64
		{745DEC58-EBB3-47A9-A9B8-4C6627C01BF8}.Release|Itanium.ActiveCfg = Release|Itanium
		{745DEC58-EBB3-47A9-A9B8-4C6627C01BF8}.Release|Itanium.Build.0 = Release|Itanium
		{745DEC58-EBB3-47A9-A9B8-4C6627C01BF8}.Release|Win32.ActiveCfg = Release|Win32
		{745DEC58-EBB3-47A9-A9B8-4C6627C01BF8}.Release|Win32.Build.0 = Release|Win32
		{745DEC58-EBB3-47A9-A9B8-4C6627C01BF8}.Release|x64.ActiveCfg = Release|x64
		{745DEC58-EBB3-47A9-A9B8-4C6627C01BF8}.Release|x64.Build.0 = Release|x64
		{745DEC58-EBB3-47A9-A9B8-4C6627C01BF8}.ReleaseWithoutAsm|Itanium.ActiveCfg = ReleaseWithoutAsm|Itanium
		{745DEC58-EBB3-47A9-A9B8-4C6627C01BF8}.ReleaseWithoutAsm|Itanium.Build.0 = ReleaseWithoutAsm|Itanium
		{745DEC58-EBB3-47A9-A9B8-4C6627C01BF8}.ReleaseWithoutAsm|Win32.ActiveCfg = ReleaseWithoutAsm|Win32
		{745DEC58-EBB3-47A9-A9B8-4C6627C01BF8}.ReleaseWithoutAsm|Win32.Build.0 = ReleaseWithoutAsm|Win32
		{745DEC58-EBB3-47A9-A9B8-4C6627C01BF8}.ReleaseWithoutAsm|x64.ActiveCfg = ReleaseWithoutAsm|x64
		{745DEC58-EBB3-47A9-A9B8-4C6627C01BF8}.ReleaseWithoutAsm|x64.Build.0 = ReleaseWithoutAsm|x64
		{03EFD1A9-19C0-4F75-9E9F-938A7D818DDB}.Debug|Itanium.ActiveCfg = Debug|Win32
		{03EFD1A9-19C0-4F75-9E9F-938A7D818DDB}.Debug|Win32.ActiveCfg = Debug|Win32
		{03EFD1A9-19C0-4F75-9E9F-938A7D818DDB}.Debug|Win32.Build.0 = Debug|Win32
		{03EFD1A9-19C0-4F75-9E9F-938A7D818DDB}.Debug|x64.ActiveCfg = Debug|x64
		{03EFD1A9-19C0-4F75-9E9F-938A7D818DDB}.Debug|x64.Build.0 = Debug|x64
		{03EFD1A9-19C0-4F75-9E9F-938A7D818DDB}.Release|Itanium.ActiveCfg = Release|Win32
		{03EFD1A9-19C0-4F75-9E9F-938A7D818DDB}.Release|Win32.ActiveCfg = Release|Win32
		{03EFD1A9-19C0-4F75-9E9F-938A7D818DDB}.Release|Win32.Build.0 = Release|Win32
		{03EFD1A9-19C0-4F75-9E9F-938A7D818DDB}.Release|x64.ActiveCfg = Release|x64
		{03EFD1A9-19C0-4F75-9E9F-938A7D818DDB}.Release|x64.Build.0 = Release|x64
		{03EFD1A9-19C0-4F75-9E9F-938A7D818DDB}.ReleaseWithoutAsm|Itanium.ActiveCfg = Release|x64
		{03EFD1A9-19C0-4F75-9E9F-938A7D818DDB}.ReleaseWithoutAsm|Itanium.Build.0 = Release|x64
		{03EFD1A9-19C0-4F75-9E9F-938A7D818DDB}.ReleaseWithoutAsm|Win32.ActiveCfg = Release|Win32
		{03EFD1A9-19C0-4F75-9E9F-938A7D818DDB}.ReleaseWithoutAsm|Win32.Build.0 = Release|Win32
		{03EFD1A9-19C0-4F75-9E9F-938A7D818DDB}.ReleaseWithoutAsm|x64.ActiveCfg = Release|x64
		{03EFD1A9-19C0-4F75-9E9F-938A7D818DDB}.ReleaseWithoutAsm|x64.Build.0 = Release|x64
	EndGlobalSection
	GlobalSection(SolutionProperties) = preSolution
		HideSolutionNode = FALSE
	EndGlobalSection
EndGlobal
